// !$*UTF8*$!
{
	archiveVersion = 1;
	classes = {
	};
	objectVersion = 56;
	objects = {

/* Begin PBXBuildFile section */
		22F66416296701280037CFC2 /* CostShareApp.swift in Sources */ = {isa = PBXBuildFile; fileRef = 22F66415296701280037CFC2 /* CostShareApp.swift */; };
		22F66418296701280037CFC2 /* ContentView.swift in Sources */ = {isa = PBXBuildFile; fileRef = 22F66417296701280037CFC2 /* ContentView.swift */; };
		22F6641A296701490037CFC2 /* Assets.xcassets in Resources */ = {isa = PBXBuildFile; fileRef = 22F66419296701490037CFC2 /* Assets.xcassets */; };
		22F6641D296701490037CFC2 /* Preview Assets.xcassets in Resources */ = {isa = PBXBuildFile; fileRef = 22F6641C296701490037CFC2 /* Preview Assets.xcassets */; };
		22F66426296703000037CFC2 /* DataController.swift in Sources */ = {isa = PBXBuildFile; fileRef = 22F66425296703000037CFC2 /* DataController.swift */; };
		22F664292967034C0037CFC2 /* CostShareModel.xcdatamodeld in Sources */ = {isa = PBXBuildFile; fileRef = 22F664272967034C0037CFC2 /* CostShareModel.xcdatamodeld */; };
		22F6642E296704690037CFC2 /* CostShareGroup+CoreDataClass.swift in Sources */ = {isa = PBXBuildFile; fileRef = 22F6642A296704690037CFC2 /* CostShareGroup+CoreDataClass.swift */; };
		22F6642F296704690037CFC2 /* CostShareGroup+CoreDataProperties.swift in Sources */ = {isa = PBXBuildFile; fileRef = 22F6642B296704690037CFC2 /* CostShareGroup+CoreDataProperties.swift */; };
		22F66430296704690037CFC2 /* CostShareItem+CoreDataClass.swift in Sources */ = {isa = PBXBuildFile; fileRef = 22F6642C296704690037CFC2 /* CostShareItem+CoreDataClass.swift */; };
		22F66431296704690037CFC2 /* CostShareItem+CoreDataProperties.swift in Sources */ = {isa = PBXBuildFile; fileRef = 22F6642D296704690037CFC2 /* CostShareItem+CoreDataProperties.swift */; };
		22F6643429670E980037CFC2 /* AddCostShareGroupView.swift in Sources */ = {isa = PBXBuildFile; fileRef = 22F6643329670E980037CFC2 /* AddCostShareGroupView.swift */; };
		22F664362967A64D0037CFC2 /* CostShareItemView.swift in Sources */ = {isa = PBXBuildFile; fileRef = 22F664352967A64D0037CFC2 /* CostShareItemView.swift */; };
		22F664382967BDB20037CFC2 /* AddCostShareItemView.swift in Sources */ = {isa = PBXBuildFile; fileRef = 22F664372967BDB20037CFC2 /* AddCostShareItemView.swift */; };
		22F6643A2967CC3D0037CFC2 /* CostShareFilteredView.swift in Sources */ = {isa = PBXBuildFile; fileRef = 22F664392967CC3D0037CFC2 /* CostShareFilteredView.swift */; };
		22F6643C29683DA70037CFC2 /* CostShareGroupView.swift in Sources */ = {isa = PBXBuildFile; fileRef = 22F6643B29683DA70037CFC2 /* CostShareGroupView.swift */; };
/* End PBXBuildFile section */

/* Begin PBXFileReference section */
		22F66412296701270037CFC2 /* CostShare.app */ = {isa = PBXFileReference; explicitFileType = wrapper.application; includeInIndex = 0; path = CostShare.app; sourceTree = BUILT_PRODUCTS_DIR; };
		22F66415296701280037CFC2 /* CostShareApp.swift */ = {isa = PBXFileReference; lastKnownFileType = sourcecode.swift; path = CostShareApp.swift; sourceTree = "<group>"; };
		22F66417296701280037CFC2 /* ContentView.swift */ = {isa = PBXFileReference; lastKnownFileType = sourcecode.swift; path = ContentView.swift; sourceTree = "<group>"; };
		22F66419296701490037CFC2 /* Assets.xcassets */ = {isa = PBXFileReference; lastKnownFileType = folder.assetcatalog; path = Assets.xcassets; sourceTree = "<group>"; };
		22F6641C296701490037CFC2 /* Preview Assets.xcassets */ = {isa = PBXFileReference; lastKnownFileType = folder.assetcatalog; path = "Preview Assets.xcassets"; sourceTree = "<group>"; };
		22F66425296703000037CFC2 /* DataController.swift */ = {isa = PBXFileReference; lastKnownFileType = sourcecode.swift; path = DataController.swift; sourceTree = "<group>"; };
		22F664282967034C0037CFC2 /* CostShareModel.xcdatamodel */ = {isa = PBXFileReference; lastKnownFileType = wrapper.xcdatamodel; path = CostShareModel.xcdatamodel; sourceTree = "<group>"; };
		22F6642A296704690037CFC2 /* CostShareGroup+CoreDataClass.swift */ = {isa = PBXFileReference; lastKnownFileType = sourcecode.swift; path = "CostShareGroup+CoreDataClass.swift"; sourceTree = "<group>"; };
		22F6642B296704690037CFC2 /* CostShareGroup+CoreDataProperties.swift */ = {isa = PBXFileReference; lastKnownFileType = sourcecode.swift; path = "CostShareGroup+CoreDataProperties.swift"; sourceTree = "<group>"; };
		22F6642C296704690037CFC2 /* CostShareItem+CoreDataClass.swift */ = {isa = PBXFileReference; lastKnownFileType = sourcecode.swift; path = "CostShareItem+CoreDataClass.swift"; sourceTree = "<group>"; };
		22F6642D296704690037CFC2 /* CostShareItem+CoreDataProperties.swift */ = {isa = PBXFileReference; lastKnownFileType = sourcecode.swift; path = "CostShareItem+CoreDataProperties.swift"; sourceTree = "<group>"; };
		22F6643329670E980037CFC2 /* AddCostShareGroupView.swift */ = {isa = PBXFileReference; lastKnownFileType = sourcecode.swift; path = AddCostShareGroupView.swift; sourceTree = "<group>"; };
		22F664352967A64D0037CFC2 /* CostShareItemView.swift */ = {isa = PBXFileReference; lastKnownFileType = sourcecode.swift; path = CostShareItemView.swift; sourceTree = "<group>"; };
		22F664372967BDB20037CFC2 /* AddCostShareItemView.swift */ = {isa = PBXFileReference; lastKnownFileType = sourcecode.swift; path = AddCostShareItemView.swift; sourceTree = "<group>"; };
		22F664392967CC3D0037CFC2 /* CostShareFilteredView.swift */ = {isa = PBXFileReference; lastKnownFileType = sourcecode.swift; path = CostShareFilteredView.swift; sourceTree = "<group>"; };
		22F6643B29683DA70037CFC2 /* CostShareGroupView.swift */ = {isa = PBXFileReference; lastKnownFileType = sourcecode.swift; path = CostShareGroupView.swift; sourceTree = "<group>"; };
/* End PBXFileReference section */

/* Begin PBXFrameworksBuildPhase section */
		22F6640F296701270037CFC2 /* Frameworks */ = {
			isa = PBXFrameworksBuildPhase;
			buildActionMask = 2147483647;
			files = (
			);
			runOnlyForDeploymentPostprocessing = 0;
		};
/* End PBXFrameworksBuildPhase section */

/* Begin PBXGroup section */
		22F66409296701270037CFC2 = {
			isa = PBXGroup;
			children = (
				22F6642A296704690037CFC2 /* CostShareGroup+CoreDataClass.swift */,
				22F6642B296704690037CFC2 /* CostShareGroup+CoreDataProperties.swift */,
				22F6642C296704690037CFC2 /* CostShareItem+CoreDataClass.swift */,
				22F6642D296704690037CFC2 /* CostShareItem+CoreDataProperties.swift */,
				22F66414296701270037CFC2 /* CostShare */,
				22F66413296701270037CFC2 /* Products */,
			);
			sourceTree = "<group>";
		};
		22F66413296701270037CFC2 /* Products */ = {
			isa = PBXGroup;
			children = (
				22F66412296701270037CFC2 /* CostShare.app */,
			);
			name = Products;
			sourceTree = "<group>";
		};
		22F66414296701270037CFC2 /* CostShare */ = {
			isa = PBXGroup;
			children = (
				22F66415296701280037CFC2 /* CostShareApp.swift */,
				22F66424296702E90037CFC2 /* DataModel */,
				22F66423296702E40037CFC2 /* Views */,
				22F66419296701490037CFC2 /* Assets.xcassets */,
				22F6641B296701490037CFC2 /* Preview Content */,
			);
			path = CostShare;
			sourceTree = "<group>";
		};
		22F6641B296701490037CFC2 /* Preview Content */ = {
			isa = PBXGroup;
			children = (
				22F6641C296701490037CFC2 /* Preview Assets.xcassets */,
			);
			path = "Preview Content";
			sourceTree = "<group>";
		};
		22F66423296702E40037CFC2 /* Views */ = {
			isa = PBXGroup;
			children = (
				22F66417296701280037CFC2 /* ContentView.swift */,
				22F6643329670E980037CFC2 /* AddCostShareGroupView.swift */,
				22F664352967A64D0037CFC2 /* CostShareItemView.swift */,
				22F664372967BDB20037CFC2 /* AddCostShareItemView.swift */,
				22F664392967CC3D0037CFC2 /* CostShareFilteredView.swift */,
				22F6643B29683DA70037CFC2 /* CostShareGroupView.swift */,
			);
			path = Views;
			sourceTree = "<group>";
		};
		22F66424296702E90037CFC2 /* DataModel */ = {
			isa = PBXGroup;
			children = (
				22F66425296703000037CFC2 /* DataController.swift */,
				22F664272967034C0037CFC2 /* CostShareModel.xcdatamodeld */,
			);
			path = DataModel;
			sourceTree = "<group>";
		};
/* End PBXGroup section */

/* Begin PBXNativeTarget section */
		22F66411296701270037CFC2 /* CostShare */ = {
			isa = PBXNativeTarget;
			buildConfigurationList = 22F66420296701490037CFC2 /* Build configuration list for PBXNativeTarget "CostShare" */;
			buildPhases = (
				22F6640E296701270037CFC2 /* Sources */,
				22F6640F296701270037CFC2 /* Frameworks */,
				22F66410296701270037CFC2 /* Resources */,
			);
			buildRules = (
			);
			dependencies = (
			);
			name = CostShare;
			productName = CostShare;
			productReference = 22F66412296701270037CFC2 /* CostShare.app */;
			productType = "com.apple.product-type.application";
		};
/* End PBXNativeTarget section */

/* Begin PBXProject section */
		22F6640A296701270037CFC2 /* Project object */ = {
			isa = PBXProject;
			attributes = {
				BuildIndependentTargetsInParallel = 1;
				LastSwiftUpdateCheck = 1410;
				LastUpgradeCheck = 1410;
				TargetAttributes = {
					22F66411296701270037CFC2 = {
						CreatedOnToolsVersion = 14.1;
					};
				};
			};
			buildConfigurationList = 22F6640D296701270037CFC2 /* Build configuration list for PBXProject "CostShare" */;
			compatibilityVersion = "Xcode 14.0";
			developmentRegion = en;
			hasScannedForEncodings = 0;
			knownRegions = (
				en,
				Base,
			);
			mainGroup = 22F66409296701270037CFC2;
			productRefGroup = 22F66413296701270037CFC2 /* Products */;
			projectDirPath = "";
			projectRoot = "";
			targets = (
				22F66411296701270037CFC2 /* CostShare */,
			);
		};
/* End PBXProject section */

/* Begin PBXResourcesBuildPhase section */
		22F66410296701270037CFC2 /* Resources */ = {
			isa = PBXResourcesBuildPhase;
			buildActionMask = 2147483647;
			files = (
				22F6641D296701490037CFC2 /* Preview Assets.xcassets in Resources */,
				22F6641A296701490037CFC2 /* Assets.xcassets in Resources */,
			);
			runOnlyForDeploymentPostprocessing = 0;
		};
/* End PBXResourcesBuildPhase section */

/* Begin PBXSourcesBuildPhase section */
		22F6640E296701270037CFC2 /* Sources */ = {
			isa = PBXSourcesBuildPhase;
			buildActionMask = 2147483647;
			files = (
				22F664362967A64D0037CFC2 /* CostShareItemView.swift in Sources */,
				22F6642F296704690037CFC2 /* CostShareGroup+CoreDataProperties.swift in Sources */,
				22F6643429670E980037CFC2 /* AddCostShareGroupView.swift in Sources */,
				22F664292967034C0037CFC2 /* CostShareModel.xcdatamodeld in Sources */,
				22F66418296701280037CFC2 /* ContentView.swift in Sources */,
				22F66426296703000037CFC2 /* DataController.swift in Sources */,
				22F6643C29683DA70037CFC2 /* CostShareGroupView.swift in Sources */,
				22F66416296701280037CFC2 /* CostShareApp.swift in Sources */,
				22F66430296704690037CFC2 /* CostShareItem+CoreDataClass.swift in Sources */,
				22F6643A2967CC3D0037CFC2 /* CostShareFilteredView.swift in Sources */,
				22F6642E296704690037CFC2 /* CostShareGroup+CoreDataClass.swift in Sources */,
				22F66431296704690037CFC2 /* CostShareItem+CoreDataProperties.swift in Sources */,
				22F664382967BDB20037CFC2 /* AddCostShareItemView.swift in Sources */,
			);
			runOnlyForDeploymentPostprocessing = 0;
		};
/* End PBXSourcesBuildPhase section */

/* Begin XCBuildConfiguration section */
		22F6641E296701490037CFC2 /* Debug */ = {
			isa = XCBuildConfiguration;
			buildSettings = {
				ALWAYS_SEARCH_USER_PATHS = NO;
				CLANG_ANALYZER_NONNULL = YES;
				CLANG_ANALYZER_NUMBER_OBJECT_CONVERSION = YES_AGGRESSIVE;
				CLANG_CXX_LANGUAGE_STANDARD = "gnu++20";
				CLANG_ENABLE_MODULES = YES;
				CLANG_ENABLE_OBJC_ARC = YES;
				CLANG_ENABLE_OBJC_WEAK = YES;
				CLANG_WARN_BLOCK_CAPTURE_AUTORELEASING = YES;
				CLANG_WARN_BOOL_CONVERSION = YES;
				CLANG_WARN_COMMA = YES;
				CLANG_WARN_CONSTANT_CONVERSION = YES;
				CLANG_WARN_DEPRECATED_OBJC_IMPLEMENTATIONS = YES;
				CLANG_WARN_DIRECT_OBJC_ISA_USAGE = YES_ERROR;
				CLANG_WARN_DOCUMENTATION_COMMENTS = YES;
				CLANG_WARN_EMPTY_BODY = YES;
				CLANG_WARN_ENUM_CONVERSION = YES;
				CLANG_WARN_INFINITE_RECURSION = YES;
				CLANG_WARN_INT_CONVERSION = YES;
				CLANG_WARN_NON_LITERAL_NULL_CONVERSION = YES;
				CLANG_WARN_OBJC_IMPLICIT_RETAIN_SELF = YES;
				CLANG_WARN_OBJC_LITERAL_CONVERSION = YES;
				CLANG_WARN_OBJC_ROOT_CLASS = YES_ERROR;
				CLANG_WARN_QUOTED_INCLUDE_IN_FRAMEWORK_HEADER = YES;
				CLANG_WARN_RANGE_LOOP_ANALYSIS = YES;
				CLANG_WARN_STRICT_PROTOTYPES = YES;
				CLANG_WARN_SUSPICIOUS_MOVE = YES;
				CLANG_WARN_UNGUARDED_AVAILABILITY = YES_AGGRESSIVE;
				CLANG_WARN_UNREACHABLE_CODE = YES;
				CLANG_WARN__DUPLICATE_METHOD_MATCH = YES;
				COPY_PHASE_STRIP = NO;
				DEBUG_INFORMATION_FORMAT = dwarf;
				ENABLE_STRICT_OBJC_MSGSEND = YES;
				ENABLE_TESTABILITY = YES;
				GCC_C_LANGUAGE_STANDARD = gnu11;
				GCC_DYNAMIC_NO_PIC = NO;
				GCC_NO_COMMON_BLOCKS = YES;
				GCC_OPTIMIZATION_LEVEL = 0;
				GCC_PREPROCESSOR_DEFINITIONS = (
					"DEBUG=1",
					"$(inherited)",
				);
				GCC_WARN_64_TO_32_BIT_CONVERSION = YES;
				GCC_WARN_ABOUT_RETURN_TYPE = YES_ERROR;
				GCC_WARN_UNDECLARED_SELECTOR = YES;
				GCC_WARN_UNINITIALIZED_AUTOS = YES_AGGRESSIVE;
				GCC_WARN_UNUSED_FUNCTION = YES;
				GCC_WARN_UNUSED_VARIABLE = YES;
				IPHONEOS_DEPLOYMENT_TARGET = 16.1;
				MTL_ENABLE_DEBUG_INFO = INCLUDE_SOURCE;
				MTL_FAST_MATH = YES;
				ONLY_ACTIVE_ARCH = YES;
				SDKROOT = iphoneos;
				SWIFT_ACTIVE_COMPILATION_CONDITIONS = DEBUG;
				SWIFT_OPTIMIZATION_LEVEL = "-Onone";
			};
			name = Debug;
		};
		22F6641F296701490037CFC2 /* Release */ = {
			isa = XCBuildConfiguration;
			buildSettings = {
				ALWAYS_SEARCH_USER_PATHS = NO;
				CLANG_ANALYZER_NONNULL = YES;
				CLANG_ANALYZER_NUMBER_OBJECT_CONVERSION = YES_AGGRESSIVE;
				CLANG_CXX_LANGUAGE_STANDARD = "gnu++20";
				CLANG_ENABLE_MODULES = YES;
				CLANG_ENABLE_OBJC_ARC = YES;
				CLANG_ENABLE_OBJC_WEAK = YES;
				CLANG_WARN_BLOCK_CAPTURE_AUTORELEASING = YES;
				CLANG_WARN_BOOL_CONVERSION = YES;
				CLANG_WARN_COMMA = YES;
				CLANG_WARN_CONSTANT_CONVERSION = YES;
				CLANG_WARN_DEPRECATED_OBJC_IMPLEMENTATIONS = YES;
				CLANG_WARN_DIRECT_OBJC_ISA_USAGE = YES_ERROR;
				CLANG_WARN_DOCUMENTATION_COMMENTS = YES;
				CLANG_WARN_EMPTY_BODY = YES;
				CLANG_WARN_ENUM_CONVERSION = YES;
				CLANG_WARN_INFINITE_RECURSION = YES;
				CLANG_WARN_INT_CONVERSION = YES;
				CLANG_WARN_NON_LITERAL_NULL_CONVERSION = YES;
				CLANG_WARN_OBJC_IMPLICIT_RETAIN_SELF = YES;
				CLANG_WARN_OBJC_LITERAL_CONVERSION = YES;
				CLANG_WARN_OBJC_ROOT_CLASS = YES_ERROR;
				CLANG_WARN_QUOTED_INCLUDE_IN_FRAMEWORK_HEADER = YES;
				CLANG_WARN_RANGE_LOOP_ANALYSIS = YES;
				CLANG_WARN_STRICT_PROTOTYPES = YES;
				CLANG_WARN_SUSPICIOUS_MOVE = YES;
				CLANG_WARN_UNGUARDED_AVAILABILITY = YES_AGGRESSIVE;
				CLANG_WARN_UNREACHABLE_CODE = YES;
				CLANG_WARN__DUPLICATE_METHOD_MATCH = YES;
				COPY_PHASE_STRIP = NO;
				DEBUG_INFORMATION_FORMAT = "dwarf-with-dsym";
				ENABLE_NS_ASSERTIONS = NO;
				ENABLE_STRICT_OBJC_MSGSEND = YES;
				GCC_C_LANGUAGE_STANDARD = gnu11;
				GCC_NO_COMMON_BLOCKS = YES;
				GCC_WARN_64_TO_32_BIT_CONVERSION = YES;
				GCC_WARN_ABOUT_RETURN_TYPE = YES_ERROR;
				GCC_WARN_UNDECLARED_SELECTOR = YES;
				GCC_WARN_UNINITIALIZED_AUTOS = YES_AGGRESSIVE;
				GCC_WARN_UNUSED_FUNCTION = YES;
				GCC_WARN_UNUSED_VARIABLE = YES;
				IPHONEOS_DEPLOYMENT_TARGET = 16.1;
				MTL_ENABLE_DEBUG_INFO = NO;
				MTL_FAST_MATH = YES;
				SDKROOT = iphoneos;
				SWIFT_COMPILATION_MODE = wholemodule;
				SWIFT_OPTIMIZATION_LEVEL = "-O";
				VALIDATE_PRODUCT = YES;
			};
			name = Release;
		};
		22F66421296701490037CFC2 /* Debug */ = {
			isa = XCBuildConfiguration;
			buildSettings = {
				ASSETCATALOG_COMPILER_APPICON_NAME = AppIcon;
				ASSETCATALOG_COMPILER_GLOBAL_ACCENT_COLOR_NAME = AccentColor;
				CODE_SIGN_STYLE = Automatic;
				CURRENT_PROJECT_VERSION = 1;
				DEVELOPMENT_ASSET_PATHS = "\"CostShare/Preview Content\"";
				DEVELOPMENT_TEAM = PLH3L7GZLP;
				ENABLE_PREVIEWS = YES;
				GENERATE_INFOPLIST_FILE = YES;
				INFOPLIST_KEY_UIApplicationSceneManifest_Generation = YES;
				INFOPLIST_KEY_UIApplicationSupportsIndirectInputEvents = YES;
				INFOPLIST_KEY_UILaunchScreen_Generation = YES;
				INFOPLIST_KEY_UISupportedInterfaceOrientations_iPad = "UIInterfaceOrientationPortrait UIInterfaceOrientationPortraitUpsideDown UIInterfaceOrientationLandscapeLeft UIInterfaceOrientationLandscapeRight";
				INFOPLIST_KEY_UISupportedInterfaceOrientations_iPhone = "UIInterfaceOrientationPortrait UIInterfaceOrientationLandscapeLeft UIInterfaceOrientationLandscapeRight";
				LD_RUNPATH_SEARCH_PATHS = (
					"$(inherited)",
					"@executable_path/Frameworks",
				);
				MARKETING_VERSION = 1.0;
				PRODUCT_BUNDLE_IDENTIFIER = com.softwarerror.CostShare;
				PRODUCT_NAME = "$(TARGET_NAME)";
				SWIFT_EMIT_LOC_STRINGS = YES;
				SWIFT_VERSION = 5.0;
				TARGETED_DEVICE_FAMILY = "1,2";
			};
			name = Debug;
		};
		22F66422296701490037CFC2 /* Release */ = {
			isa = XCBuildConfiguration;
			buildSettings = {
				ASSETCATALOG_COMPILER_APPICON_NAME = AppIcon;
				ASSETCATALOG_COMPILER_GLOBAL_ACCENT_COLOR_NAME = AccentColor;
				CODE_SIGN_STYLE = Automatic;
				CURRENT_PROJECT_VERSION = 1;
				DEVELOPMENT_ASSET_PATHS = "\"CostShare/Preview Content\"";
				DEVELOPMENT_TEAM = PLH3L7GZLP;
				ENABLE_PREVIEWS = YES;
				GENERATE_INFOPLIST_FILE = YES;
				INFOPLIST_KEY_UIApplicationSceneManifest_Generation = YES;
				INFOPLIST_KEY_UIApplicationSupportsIndirectInputEvents = YES;
				INFOPLIST_KEY_UILaunchScreen_Generation = YES;
				INFOPLIST_KEY_UISupportedInterfaceOrientations_iPad = "UIInterfaceOrientationPortrait UIInterfaceOrientationPortraitUpsideDown UIInterfaceOrientationLandscapeLeft UIInterfaceOrientationLandscapeRight";
				INFOPLIST_KEY_UISupportedInterfaceOrientations_iPhone = "UIInterfaceOrientationPortrait UIInterfaceOrientationLandscapeLeft UIInterfaceOrientationLandscapeRight";
				LD_RUNPATH_SEARCH_PATHS = (
					"$(inherited)",
					"@executable_path/Frameworks",
				);
				MARKETING_VERSION = 1.0;
				PRODUCT_BUNDLE_IDENTIFIER = com.softwarerror.CostShare;
				PRODUCT_NAME = "$(TARGET_NAME)";
				SWIFT_EMIT_LOC_STRINGS = YES;
				SWIFT_VERSION = 5.0;
				TARGETED_DEVICE_FAMILY = "1,2";
			};
			name = Release;
		};
/* End XCBuildConfiguration section */

/* Begin XCConfigurationList section */
		22F6640D296701270037CFC2 /* Build configuration list for PBXProject "CostShare" */ = {
			isa = XCConfigurationList;
			buildConfigurations = (
				22F6641E296701490037CFC2 /* Debug */,
				22F6641F296701490037CFC2 /* Release */,
			);
			defaultConfigurationIsVisible = 0;
			defaultConfigurationName = Release;
		};
		22F66420296701490037CFC2 /* Build configuration list for PBXNativeTarget "CostShare" */ = {
			isa = XCConfigurationList;
			buildConfigurations = (
				22F66421296701490037CFC2 /* Debug */,
				22F66422296701490037CFC2 /* Release */,
			);
			defaultConfigurationIsVisible = 0;
			defaultConfigurationName = Release;
		};
/* End XCConfigurationList section */

/* Begin XCVersionGroup section */
		22F664272967034C0037CFC2 /* CostShareModel.xcdatamodeld */ = {
			isa = XCVersionGroup;
			children = (
				22F664282967034C0037CFC2 /* CostShareModel.xcdatamodel */,
			);
			currentVersion = 22F664282967034C0037CFC2 /* CostShareModel.xcdatamodel */;
			path = CostShareModel.xcdatamodeld;
			sourceTree = "<group>";
			versionGroupType = wrapper.xcdatamodel;
		};
/* End XCVersionGroup section */
	};
	rootObject = 22F6640A296701270037CFC2 /* Project object */;
}
